# This file is autogenerated, do not edit; changes may be undone by the next 'dep ensure'.


[[projects]]
  name = "github.com/davecgh/go-spew"
  packages = ["spew"]
  revision = "346938d642f2ec3594ed81d874461961cd0faa76"
  version = "v1.1.0"

[[projects]]
  name = "github.com/pkg/errors"
  packages = ["."]
  revision = "645ef00459ed84a119197bfb8d8205042c6df63d"
  version = "v0.8.0"

[[projects]]
  branch = "master"
  name = "golang.org/x/tools"
  packages = ["go/buildutil"]
  revision = "9badcbe49be523255546b669968041d707ece12e"

[solve-meta]
  analyzer-name = "dep"
  analyzer-version = 1
  inputs-digest = "61b9d2342cbab45e0c6747f13e2ee22f058cc473eb097b917305420c9e239b12"
  solver-name = "gps-cdcl"
  solver-version = 1
